schema: '2.0'
stages:
  data_preprocessing:
    cmd: python3 -m src.data.data_preprocessing
    deps:
    - path: data/raw
      hash: md5
      md5: a04fcfd17d819ca757b3eb3fb8a42703.dir
      size: 3403541
      nfiles: 4
  data_ingestion:
    cmd: python3 -m src.data.data_injestion
    deps:
    - path: data/raw
      hash: md5
      md5: a04fcfd17d819ca757b3eb3fb8a42703.dir
      size: 3403541
      nfiles: 4
  input_target_pairs:
    cmd: python src/data/input_target_pairs.py
    deps:
    - path: data/interim
      hash: md5
      md5: da8de36d42e8d097b7e10a04a06919f8.dir
      size: 1453552
      nfiles: 1
    - path: src/data/data_preprocessing.py
      hash: md5
      md5: adc4df3b887db4e53b7bf6c8e5f63373
      size: 4100
  feature_engineering:
    cmd: python src/features/add_special_tokens.py
    deps:
    - path: data/external
      hash: md5
      md5: 6138b75d0e3f0a4779ca5d78ebb94263.dir
      size: 1940658
      nfiles: 1
    - path: src/features/add_special_tokens.py
      hash: md5
      md5: 9e217447c0968847d22d0fe73c2b170e
      size: 2577
  tokenization:
    cmd: python src/features/tokenization.py
    deps:
    - path: data/special_tokens
      hash: md5
      md5: 374159f404d581b3612ee2490f885cbd.dir
      size: 2319263
      nfiles: 1
    - path: src/features/add_special_tokens.py
      hash: md5
      md5: 9e217447c0968847d22d0fe73c2b170e
      size: 2577
  register_model:
    cmd: bash -c "mkdir -p registered_models && echo 'Registered ✅' > registered_models/status.txt"
    deps:
    - path: models/final_emotion_model/
      hash: md5
      md5: fdfc0e8b2d8cee7c5aba7eabbd37c6ff.dir
      size: 267845709
      nfiles: 2
    - path: models/final_emotion_tokenizer/
      hash: md5
      md5: 34ecf89dc43e57fe95d7609624607e72.dir
      size: 944877
      nfiles: 4
    - path: models/final_model/
      hash: md5
      md5: c7f78ac804ee921796adfa2b44279186.dir
      size: 502621805
      nfiles: 10
    - path: models/final_tokenizer/
      hash: md5
      md5: 74cc79398a5ec4b6dd293d983de2d84d.dir
      size: 4816541
      nfiles: 6
    outs:
    - path: registered_models/status.txt
      hash: md5
      md5: c7348847a5536a7127cd7c115237bd7a
      size: 15
  evaluate_model:
    cmd: python src/models/bert_model_eval.py
    deps:
    - path: data/data/emotions_dataset.csv
      hash: md5
      md5: 753e093cb4e6c77a0a8a62a2100c530b
      size: 1658629
    - path: models/final_emotion_model
      hash: md5
      md5: fdfc0e8b2d8cee7c5aba7eabbd37c6ff.dir
      size: 267845709
      nfiles: 2
    - path: models/final_emotion_tokenizer
      hash: md5
      md5: 34ecf89dc43e57fe95d7609624607e72.dir
      size: 944877
      nfiles: 4
    outs:
    - path: reports/emotion_evaluation.json
      hash: md5
      md5: d814149c99bd097531529681f43b74af
      size: 1186
  run_inference:
    cmd: python src/models/response_generator.py
    deps:
    - path: models/final_emotion_model
      hash: md5
      md5: fdfc0e8b2d8cee7c5aba7eabbd37c6ff.dir
      size: 267845709
      nfiles: 2
    - path: models/final_emotion_tokenizer
      hash: md5
      md5: 34ecf89dc43e57fe95d7609624607e72.dir
      size: 944877
      nfiles: 4
    - path: models/final_model
      hash: md5
      md5: c7f78ac804ee921796adfa2b44279186.dir
      size: 502621805
      nfiles: 10
    - path: models/final_tokenizer
      hash: md5
      md5: 74cc79398a5ec4b6dd293d983de2d84d.dir
      size: 4816541
      nfiles: 6
    outs:
    - path: reports/generated_responses.json
      hash: md5
      md5: f7e27312151a4cfc4e1d9286592a6f94
      size: 177
